# THIS IS AN AUTOGENERATED FILE. DO NOT EDIT THIS FILE DIRECTLY.
# yarn lockfile v1


"@ant-design/colors@^4.0.5":
  version "4.0.5"
  resolved "https://npm.shopee.io/@ant-design%2fcolors/-/colors-4.0.5.tgz#d7d100d7545cca8f624954604a6892fc48ba5aae"
  integrity sha512-3mnuX2prnWOWvpFTS2WH2LoouWlOgtnIpc6IarWN6GOzzLF8dW/U8UctuvIPhoboETehZfJ61XP+CGakBEPJ3Q==
  dependencies:
    tinycolor2 "^1.4.1"

"@antv/algorithm@^0.1.8":
  version "0.1.10"
  resolved "https://npm.shopee.io/@antv%2falgorithm/-/algorithm-0.1.10.tgz#59d4760a97fd7d7accdc49ab31ada8ff3ab5608c"
  integrity sha512-x2ZbPkUaR2OQ5/HY46WaJqLLjxarWSsCvGokv8MVzlhOBcgvUIfpHla+l3atmdt2el4W1I0bncxEUs3jVlEjSA==
  dependencies:
    "@antv/util" "^2.0.13"
    tslib "^2.0.0"

"@antv/dom-util@^2.0.1", "@antv/dom-util@^2.0.2":
  version "2.0.3"
  resolved "https://npm.shopee.io/@antv%2fdom-util/-/dom-util-2.0.3.tgz#cbd158b1c88e0e8a4d865871a5969b1190554ff5"
  integrity sha512-dUHsUT4U9X1T1/Y9bH3jRMe0MzvWJk2jSQm1vm3w9NX+Ra0ftq5VUBiGTNbthm3nFwG0fFFjip904rYjl50g4A==
  dependencies:
    tslib "^2.0.3"

"@antv/event-emitter@^0.1.1", "@antv/event-emitter@~0.1.0":
  version "0.1.2"
  resolved "https://npm.shopee.io/@antv%2fevent-emitter/-/event-emitter-0.1.2.tgz#a17b7cb86e6d071880dc6bfb232756f88624ecbc"
  integrity sha512-6C6NJOdoNVptCr5y9BVOhKkCgW7LFs/SpcRyAExUeSjAm0zJqcqNkSIRGsXYhj4PJI+CZICHzGwwiSnIsE68Ug==

"@antv/g-base@^0.5.1", "@antv/g-base@^0.5.3":
  version "0.5.9"
  resolved "https://npm.shopee.io/@antv%2fg-base/-/g-base-0.5.9.tgz#58d0e11d85157ada1408fbdf24f4f468f40e59cd"
  integrity sha512-IAzuCLRmz9cKCWUKR3cKWgLZ/6OQYpTCIOgxAP8Bc+HRw0mu8iC3OTz+tWKGv9L8unpvCvpQd1H+OTTjdg/TpQ==
  dependencies:
    "@antv/event-emitter" "^0.1.1"
    "@antv/g-math" "^0.1.6"
    "@antv/matrix-util" "^3.1.0-beta.1"
    "@antv/path-util" "~2.0.5"
    "@antv/util" "~2.0.0"
    "@types/d3-timer" "^2.0.0"
    d3-ease "^1.0.5"
    d3-interpolate "^1.3.2"
    d3-timer "^1.0.9"
    detect-browser "^5.1.0"
    tslib "^2.0.3"

"@antv/g-canvas@^0.5.2":
  version "0.5.12"
  resolved "https://npm.shopee.io/@antv%2fg-canvas/-/g-canvas-0.5.12.tgz#2fc40dced6994f074f22341e65d56f7bbd5275f7"
  integrity sha512-iJ/muwwqCCNONVlPIzv/7OL5iLguaKRj2BxNMytUO3TWwamM+kHkiyYEOkS0dPn9h/hBsHYlLUluSVz2Fp6/bw==
  dependencies:
    "@antv/g-base" "^0.5.3"
    "@antv/g-math" "^0.1.6"
    "@antv/matrix-util" "^3.1.0-beta.1"
    "@antv/path-util" "~2.0.5"
    "@antv/util" "~2.0.0"
    gl-matrix "^3.0.0"
    tslib "^2.0.3"

"@antv/g-math@^0.1.1", "@antv/g-math@^0.1.6":
  version "0.1.7"
  resolved "https://npm.shopee.io/@antv%2fg-math/-/g-math-0.1.7.tgz#6ec2769269f7ccb67e58140d5739df74046cc04e"
  integrity sha512-xGyXaloD1ynfp7gS4VuV+MjSptZIwHvLHr8ekXJSFAeWPYLu84yOW2wOZHDdp1bzDAIuRv6xDBW58YGHrWsFcA==
  dependencies:
    "@antv/util" "~2.0.0"
    gl-matrix "^3.0.0"

"@antv/g-svg@^0.5.1", "@antv/g-svg@^0.5.2":
  version "0.5.6"
  resolved "https://npm.shopee.io/@antv%2fg-svg/-/g-svg-0.5.6.tgz#70b2fa980c431b39ad3c5b4b53e36a1d60957d65"
  integrity sha512-Xve1EUGk4HMbl2nq4ozR4QLh6GyoZ8Xw/+9kHYI4B5P2lIUQU95MuRsaLFfW5NNpZDx85ZeH97tqEmC9L96E7A==
  dependencies:
    "@antv/g-base" "^0.5.3"
    "@antv/g-math" "^0.1.6"
    "@antv/util" "~2.0.0"
    detect-browser "^5.0.0"
    tslib "^2.0.3"

"@antv/g-webgpu-core@^0.5.5", "@antv/g-webgpu-core@^0.5.6":
  version "0.5.6"
  resolved "https://npm.shopee.io/@antv%2fg-webgpu-core/-/g-webgpu-core-0.5.6.tgz#68cde0b5d0b44b5794371c2523682f4734da3c6c"
  integrity sha512-DPiH3GkAUiT0Q+LAKeImpI+IOQ/gP2w6HstYKivpFIpBPIvZ/9equM3icVrn1iDfDkZANVXQ1PppcO3xBv1ZTw==
  dependencies:
    eventemitter3 "^4.0.0"
    gl-matrix "^3.1.0"
    inversify "^5.0.1"
    inversify-inject-decorators "^3.1.0"
    probe.gl "^3.1.1"
    reflect-metadata "^0.1.13"

"@antv/g-webgpu-engine@^0.5.5":
  version "0.5.6"
  resolved "https://npm.shopee.io/@antv%2fg-webgpu-engine/-/g-webgpu-engine-0.5.6.tgz#be7c1bf8e4b1822d72a302d628034345e0577bbd"
  integrity sha512-D311qYUefdEFwLayutIHqucrAY3cAGH3BdnXS37nq+0nsglrHcNP0Ab1YTinn9RihLoY3yXFTLzrYkJHJbZXDg==
  dependencies:
    "@antv/g-webgpu-core" "^0.5.6"
    "@webgpu/glslang" "^0.0.15"
    "@webgpu/types" "^0.0.31"
    gl-matrix "^3.1.0"
    hammerjs "^2.0.8"
    inversify "^5.0.1"
    inversify-inject-decorators "^3.1.0"
    probe.gl "^3.1.1"
    reflect-metadata "^0.1.13"
    regl "^1.3.11"

"@antv/g-webgpu@0.5.5":
  version "0.5.5"
  resolved "https://npm.shopee.io/@antv%2fg-webgpu/-/g-webgpu-0.5.5.tgz#003d411453ed03e7dd916bd6c6db26a2b53d1991"
  integrity sha512-TxtBniINFq1jFGEPo46xjJfrbJbUqkFd5wmsRs3tcg/7J7xoldOP1kEadpI3AJG9knMYdE92VpILw1VPd6DgzQ==
  dependencies:
    "@antv/g-webgpu-core" "^0.5.5"
    "@antv/g-webgpu-engine" "^0.5.5"
    "@webgpu/types" "^0.0.31"
    gl-matrix "^3.1.0"
    gl-vec2 "^1.3.0"
    hammerjs "^2.0.8"
    inversify "^5.0.1"
    inversify-inject-decorators "^3.1.0"
    polyline-miter-util "^1.0.1"
    polyline-normals "^2.0.2"
    probe.gl "^3.1.1"
    reflect-metadata "^0.1.13"

"@antv/g6-core@0.3.5":
  version "0.3.5"
  resolved "https://npm.shopee.io/@antv%2fg6-core/-/g6-core-0.3.5.tgz#53e253241d90d3fd6188df719339cabdb1ddd116"
  integrity sha512-Hp3OQbtOD8x5h87dYTtnIqKIGbr7/eRKM68M84/tSwYaO2RCR1OL7k1u2eDzAxIcSMo+oA84ziO19+IIbHZ0TQ==
  dependencies:
    "@antv/algorithm" "^0.1.8"
    "@antv/dom-util" "^2.0.1"
    "@antv/event-emitter" "~0.1.0"
    "@antv/g-base" "^0.5.1"
    "@antv/g-math" "^0.1.1"
    "@antv/matrix-util" "^3.1.0-beta.2"
    "@antv/path-util" "^2.0.3"
    "@antv/util" "~2.0.5"
    ml-matrix "^6.5.0"
    tslib "^2.1.0"

"@antv/g6-element@0.3.5":
  version "0.3.5"
  resolved "https://npm.shopee.io/@antv%2fg6-element/-/g6-element-0.3.5.tgz#00f74938d8c24ca34fed15841b95b5e1b0e5d8c8"
  integrity sha512-7bU+evbzpezt7IabV9B2IBEZ+vfQ2srV1sbrO2Z8NhKW8fG2Vf3eLwQIkf40+UEWvzsj4btA8OKW7eK2cVoX+A==
  dependencies:
    "@antv/g-base" "^0.5.1"
    "@antv/g6-core" "0.3.5"
    "@antv/util" "~2.0.5"

"@antv/g6-pc@0.3.5":
  version "0.3.5"
  resolved "https://npm.shopee.io/@antv%2fg6-pc/-/g6-pc-0.3.5.tgz#4b4d7cea5ef7e8131d9674c77c735e68c0a1cadf"
  integrity sha512-TGZ9vZLAEaXfiZ99Ly49N9jdVcSHysYpdejxodEbkw3raggWyF8CKPEmy65cIszatoy6fQ5AZElqNWWKBxIFXQ==
  dependencies:
    "@ant-design/colors" "^4.0.5"
    "@antv/algorithm" "^0.1.8"
    "@antv/dom-util" "^2.0.1"
    "@antv/event-emitter" "~0.1.0"
    "@antv/g-base" "^0.5.1"
    "@antv/g-canvas" "^0.5.2"
    "@antv/g-math" "^0.1.1"
    "@antv/g-svg" "^0.5.1"
    "@antv/g6-core" "0.3.5"
    "@antv/g6-element" "0.3.5"
    "@antv/g6-plugin" "0.3.5"
    "@antv/hierarchy" "^0.6.7"
    "@antv/layout" "^0.1.14"
    "@antv/matrix-util" "^3.0.4"
    "@antv/path-util" "^2.0.3"
    "@antv/util" "~2.0.5"
    color "^3.1.3"
    d3-force "^2.0.1"
    dagre "^0.8.5"
    insert-css "^2.0.0"
    ml-matrix "^6.5.0"

"@antv/g6-plugin@0.3.5":
  version "0.3.5"
  resolved "https://npm.shopee.io/@antv%2fg6-plugin/-/g6-plugin-0.3.5.tgz#3b355f2455f2247f7857ee953d9ce42f8b8e5dbe"
  integrity sha512-ZM7cvQ94/BSuunguZ0/9TjvvAIxrLSyh2K0r5Z7IhvbV+V0036YE0RfNcUXPDIZzOZqX68hhWPNv5DfXqG2g1Q==
  dependencies:
    "@antv/dom-util" "^2.0.2"
    "@antv/g-base" "^0.5.1"
    "@antv/g-canvas" "^0.5.2"
    "@antv/g-svg" "^0.5.2"
    "@antv/g6-core" "0.3.5"
    "@antv/matrix-util" "^3.0.4"
    "@antv/scale" "^0.3.4"
    "@antv/util" "^2.0.9"
    insert-css "^2.0.0"

"@antv/g6@^4.3.4":
  version "4.3.5"
  resolved "https://npm.shopee.io/@antv%2fg6/-/g6-4.3.5.tgz#651d7b99238c857d88e82b55d90cace8870f594a"
  integrity sha512-UwRM1JmhxxxHgKgDna2oHm4F64b8iHc8/oyctsAhKeTNFptjAxAxbC++NsPM+F15imdXsSf7tdHzMlZuhYWS2w==
  dependencies:
    "@antv/g6-pc" "0.3.5"

"@antv/hierarchy@^0.6.7":
  version "0.6.8"
  resolved "https://npm.shopee.io/@antv%2fhierarchy/-/hierarchy-0.6.8.tgz#b77c490a9c2dd6da186cbacee0e7887b8c1b3fa4"
  integrity sha512-wVzUl+pxny5gyGJ2mkWx8IiEypX6bnMHgr/NILgbxY6shoy0Vf4FhZpI3CY8Ez7bQT6js8fMkB2NymPW7d7i8A==
  dependencies:
    "@antv/util" "^2.0.7"

"@antv/layout@^0.1.14":
  version "0.1.18"
  resolved "https://npm.shopee.io/@antv%2flayout/-/layout-0.1.18.tgz#f1e23510fb3035f05fbc2978205efeec3fb878ed"
  integrity sha512-mnuVtZLVnUzy09TpqlwsM5vKCMYFbHhZ/Un87gIFRkIFHwg7Uw5dlaRBpFviQ5rVBwuncKMXR7xPOGdlt3OnRg==
  dependencies:
    "@antv/g-webgpu" "0.5.5"
    d3-force "^2.0.1"
    dagre "^0.8.5"
    ml-matrix "^6.5.0"

"@antv/matrix-util@^3.0.4":
  version "3.0.4"
  resolved "https://npm.shopee.io/@antv%2fmatrix-util/-/matrix-util-3.0.4.tgz#ea13f158aa2fb4ba2fb8d6b6b561ec467ea3ac20"
  integrity sha512-BAPyu6dUliHcQ7fm9hZSGKqkwcjEDVLVAstlHULLvcMZvANHeLXgHEgV7JqcAV/GIhIz8aZChIlzM1ZboiXpYQ==
  dependencies:
    "@antv/util" "^2.0.9"
    gl-matrix "^3.3.0"
    tslib "^2.0.3"

"@antv/matrix-util@^3.1.0-beta.1", "@antv/matrix-util@^3.1.0-beta.2":
  version "3.1.0-beta.2"
  resolved "https://npm.shopee.io/@antv%2fmatrix-util/-/matrix-util-3.1.0-beta.2.tgz#b4afafb70dbdf52affca308d3546c8a090fd23ca"
  integrity sha512-Efwp0ZHxVDK/8RUa/RRWN7HKFHJmjn7Oq5HaNBbCmsxd7JTla3Zsoq1AZrjWMDlq0lplo77urclwI+XIW8NEHw==
  dependencies:
    "@antv/util" "^2.0.9"
    gl-matrix "^3.3.0"
    tslib "^1.10.0"

"@antv/path-util@^2.0.3", "@antv/path-util@~2.0.5":
  version "2.0.9"
  resolved "https://npm.shopee.io/@antv%2fpath-util/-/path-util-2.0.9.tgz#976e4a3cfb6219767a602d297b205c88d66d7b2c"
  integrity sha512-kunEz4dNheQMVn4rVFsoBDx+n9Knfi3uRLvDk9SojZAqpninsjFhdoiYtbExwJGz1FYGtiV10Y6N1tp73kZFcg==
  dependencies:
    "@antv/util" "^2.0.9"
    tslib "^2.0.3"

"@antv/scale@^0.3.4":
  version "0.3.12"
  resolved "https://npm.shopee.io/@antv%2fscale/-/scale-0.3.12.tgz#47dbba3e30f230bd6d27ca31d4204106608650db"
  integrity sha512-ov0cQy5VsYUVFTwKZ3/sXcIKJK1msXye6xie6h+1McwvgmM+rZdKvGCbfGIXVmV9JBc9zksa2ke4E0sI0TawjQ==
  dependencies:
    "@antv/util" "~2.0.3"
    fecha "~4.2.0"
    tslib "^2.0.0"

"@antv/util@^2.0.13", "@antv/util@^2.0.7", "@antv/util@^2.0.9", "@antv/util@~2.0.0", "@antv/util@~2.0.3", "@antv/util@~2.0.5":
  version "2.0.14"
  resolved "https://npm.shopee.io/@antv%2futil/-/util-2.0.14.tgz#1ac8c4f790beaf6572daecf62df6aa55fa0a31df"
  integrity sha512-iwM4XKRzW7pbBnMnSGKqcNGo3FdDzMGbRojAiMQ2KC0bTwtLEphQ+hYWa1c+O9BuHtcMkVvTVDylHNESL5vE5g==
  dependencies:
    tslib "^2.0.3"

"@babel/runtime@^7.0.0":
  version "7.15.3"
  resolved "https://npm.shopee.io/@babel%2fruntime/-/runtime-7.15.3.tgz#2e1c2880ca118e5b2f9988322bd8a7656a32502b"
  integrity sha512-OvwMLqNXkCXSz1kSm58sEsNuhqOx/fKpnUnKnFB5v8uDda5bLNEHNgKPvhDN6IU0LDcnHQ90LlJ0Q6jnyBSIBA==
  dependencies:
    regenerator-runtime "^0.13.4"

"@probe.gl/stats@3.4.0":
  version "3.4.0"
  resolved "https://npm.shopee.io/@probe.gl%2fstats/-/stats-3.4.0.tgz#9315c4726ea031661daa6a1771b8e978684a8b9b"
  integrity sha512-Gl37r9qGuiKadIvTZdSZvzCNOttJYw6RcY1oT0oDuB8r2uhuZAdSMQRQTy9FTinp6MY6O9wngGnV6EpQ8wSBAw==
  dependencies:
    "@babel/runtime" "^7.0.0"

"@types/d3-timer@^2.0.0":
  version "2.0.1"
  resolved "https://npm.shopee.io/@types%2fd3-timer/-/d3-timer-2.0.1.tgz#ffb6620d290624f3726aa362c0c8a4b44c8d7200"
  integrity sha512-TF8aoF5cHcLO7W7403blM7L1T+6NF3XMyN3fxyUolq2uOcFeicG/khQg/dGxiCJWoAcmYulYN7LYSRKO54IXaA==

"@types/lodash@^4.14.171":
  version "4.14.172"
  resolved "https://npm.shopee.io/@types%2flodash/-/lodash-4.14.172.tgz#aad774c28e7bfd7a67de25408e03ee5a8c3d028a"
  integrity sha512-/BHF5HAx3em7/KkzVKm3LrsD6HZAXuXO1AJZQ3cRRBZj4oHZDviWPYu0aEplAqDFNHZPW6d3G7KN+ONcCCC7pw==

"@types/uuid@8.3.1":
  version "8.3.1"
  resolved "https://npm.shopee.io/@types%2fuuid/-/uuid-8.3.1.tgz#1a32969cf8f0364b3d8c8af9cc3555b7805df14f"
  integrity sha512-Y2mHTRAbqfFkpjldbkHGY8JIzRN6XqYRliG8/24FcHm2D2PwW24fl5xMRTVGdrb7iMrwCaIEbLWerGIkXuFWVg==

"@webgpu/glslang@^0.0.15":
  version "0.0.15"
  resolved "https://npm.shopee.io/@webgpu%2fglslang/-/glslang-0.0.15.tgz#f5ccaf6015241e6175f4b90906b053f88483d1f2"
  integrity sha512-niT+Prh3Aff8Uf1MVBVUsaNjFj9rJAKDXuoHIKiQbB+6IUP/3J3JIhBNyZ7lDhytvXxw6ppgnwKZdDJ08UMj4Q==

"@webgpu/types@^0.0.31":
  version "0.0.31"
  resolved "https://npm.shopee.io/@webgpu%2ftypes/-/types-0.0.31.tgz#c05ec6e60024bf1836f31236ecd7677a969a2a2c"
  integrity sha512-cvvCMSZBT4VsRNtt0lI6XQqvOIIWw6+NRUtnPUMDVDgsI4pCZColz3qzF5QcP9wIYOHEc3jssIBse8UWONKhlQ==

color-convert@^1.9.3:
  version "1.9.3"
  resolved "https://npm.shopee.io/color-convert/-/color-convert-1.9.3.tgz#bb71850690e1f136567de629d2d5471deda4c1e8"
  integrity sha512-QfAUtd+vFdAtFQcC8CCyYt1fYWxSqAiK2cSD6zDB8N3cpsEBAvRxp9zOGg6G/SHHJYAT88/az/IuDGALsNVbGg==
  dependencies:
    color-name "1.1.3"

color-name@1.1.3:
  version "1.1.3"
  resolved "https://npm.shopee.io/color-name/-/color-name-1.1.3.tgz#a7d0558bd89c42f795dd42328f740831ca53bc25"
  integrity sha1-p9BVi9icQveV3UIyj3QIMcpTvCU=

color-name@^1.0.0:
  version "1.1.4"
  resolved "https://npm.shopee.io/color-name/-/color-name-1.1.4.tgz#c2a09a87acbde69543de6f63fa3995c826c536a2"
  integrity sha512-dOy+3AuW3a2wNbZHIuMZpTcgjGuLU/uBL/ubcZF9OXbDo8ff4O8yVp5Bf0efS8uEoYo5q4Fx7dY9OgQGXgAsQA==

color-string@^1.6.0:
  version "1.6.0"
  resolved "https://npm.shopee.io/color-string/-/color-string-1.6.0.tgz#c3915f61fe267672cb7e1e064c9d692219f6c312"
  integrity sha512-c/hGS+kRWJutUBEngKKmk4iH3sD59MBkoxVapS/0wgpCz2u7XsNloxknyvBhzwEs1IbV36D9PwqLPJ2DTu3vMA==
  dependencies:
    color-name "^1.0.0"
    simple-swizzle "^0.2.2"

color@^3.1.3:
  version "3.2.1"
  resolved "https://npm.shopee.io/color/-/color-3.2.1.tgz#3544dc198caf4490c3ecc9a790b54fe9ff45e164"
  integrity sha512-aBl7dZI9ENN6fUGC7mWpMTPNHmWUSNan9tuWN6ahh5ZLNk9baLJOnSMlrQkHcrfFgz2/RigjUVAjdx36VcemKA==
  dependencies:
    color-convert "^1.9.3"
    color-string "^1.6.0"

colorette@^1.2.2:
  version "1.3.0"
  resolved "https://npm.shopee.io/colorette/-/colorette-1.3.0.tgz#ff45d2f0edb244069d3b772adeb04fed38d0a0af"
  integrity sha512-ecORCqbSFP7Wm8Y6lyqMJjexBQqXSF7SSeaTyGGphogUjBlFP9m9o08wy86HL2uB7fMTxtOUzLMk7ogKcxMg1w==

d3-color@1:
  version "1.4.1"
  resolved "https://npm.shopee.io/d3-color/-/d3-color-1.4.1.tgz#c52002bf8846ada4424d55d97982fef26eb3bc8a"
  integrity sha512-p2sTHSLCJI2QKunbGb7ocOh7DgTAn8IrLx21QRc/BSnodXM4sv6aLQlnfpvehFMLZEfBc6g9pH9SWQccFYfJ9Q==

"d3-dispatch@1 - 2":
  version "2.0.0"
  resolved "https://npm.shopee.io/d3-dispatch/-/d3-dispatch-2.0.0.tgz#8a18e16f76dd3fcaef42163c97b926aa9b55e7cf"
  integrity sha512-S/m2VsXI7gAti2pBoLClFFTMOO1HTtT0j99AuXLoGFKO6deHDdnv6ZGTxSTTUTgO1zVcv82fCOtDjYK4EECmWA==

d3-ease@^1.0.5:
  version "1.0.7"
  resolved "https://npm.shopee.io/d3-ease/-/d3-ease-1.0.7.tgz#9a834890ef8b8ae8c558b2fe55bd57f5993b85e2"
  integrity sha512-lx14ZPYkhNx0s/2HX5sLFUI3mbasHjSSpwO/KaaNACweVwxUruKyWVcb293wMv1RqTPZyZ8kSZ2NogUZNcLOFQ==

d3-force@^2.0.1:
  version "2.1.1"
  resolved "https://npm.shopee.io/d3-force/-/d3-force-2.1.1.tgz#f20ccbf1e6c9e80add1926f09b51f686a8bc0937"
  integrity sha512-nAuHEzBqMvpFVMf9OX75d00OxvOXdxY+xECIXjW6Gv8BRrXu6gAWbv/9XKrvfJ5i5DCokDW7RYE50LRoK092ew==
  dependencies:
    d3-dispatch "1 - 2"
    d3-quadtree "1 - 2"
    d3-timer "1 - 2"

d3-interpolate@^1.3.2:
  version "1.4.0"
  resolved "https://npm.shopee.io/d3-interpolate/-/d3-interpolate-1.4.0.tgz#526e79e2d80daa383f9e0c1c1c7dcc0f0583e987"
  integrity sha512-V9znK0zc3jOPV4VD2zZn0sDhZU3WAE2bmlxdIwwQPPzPjvyLkd8B3JUVdS1IDUFDkWZ72c9qnv1GK2ZagTZ8EA==
  dependencies:
    d3-color "1"

"d3-quadtree@1 - 2":
  version "2.0.0"
  resolved "https://npm.shopee.io/d3-quadtree/-/d3-quadtree-2.0.0.tgz#edbad045cef88701f6fee3aee8e93fb332d30f9d"
  integrity sha512-b0Ed2t1UUalJpc3qXzKi+cPGxeXRr4KU9YSlocN74aTzp6R/Ud43t79yLLqxHRWZfsvWXmbDWPpoENK1K539xw==

"d3-timer@1 - 2":
  version "2.0.0"
  resolved "https://npm.shopee.io/d3-timer/-/d3-timer-2.0.0.tgz#055edb1d170cfe31ab2da8968deee940b56623e6"
  integrity sha512-TO4VLh0/420Y/9dO3+f9abDEFYeCUr2WZRlxJvbp4HPTQcSylXNiL6yZa9FIUvV1yRiFufl1bszTCLDqv9PWNA==

d3-timer@^1.0.9:
  version "1.0.10"
  resolved "https://npm.shopee.io/d3-timer/-/d3-timer-1.0.10.tgz#dfe76b8a91748831b13b6d9c793ffbd508dd9de5"
  integrity sha512-B1JDm0XDaQC+uvo4DT79H0XmBskgS3l6Ve+1SBCfxgmtIb1AVrPIoqd+nPSv+loMX8szQ0sVUhGngL7D5QPiXw==

dagre@^0.8.5:
  version "0.8.5"
  resolved "https://npm.shopee.io/dagre/-/dagre-0.8.5.tgz#ba30b0055dac12b6c1fcc247817442777d06afee"
  integrity sha512-/aTqmnRta7x7MCCpExk7HQL2O4owCT2h8NT//9I1OQ9vt29Pa0BzSAkR5lwFUcQ7491yVi/3CXU9jQ5o0Mn2Sw==
  dependencies:
    graphlib "^2.1.8"
    lodash "^4.17.15"

detect-browser@^5.0.0, detect-browser@^5.1.0:
  version "5.2.0"
  resolved "https://npm.shopee.io/detect-browser/-/detect-browser-5.2.0.tgz#c9cd5afa96a6a19fda0bbe9e9be48a6b6e1e9c97"
  integrity sha512-tr7XntDAu50BVENgQfajMLzacmSe34D+qZc4zjnniz0ZVuw/TZcLcyxHQjYpJTM36sGEkZZlYLnIM1hH7alTMA==

dom-align@^1.12.2:
  version "1.12.2"
  resolved "https://npm.shopee.io/dom-align/-/dom-align-1.12.2.tgz#0f8164ebd0c9c21b0c790310493cd855892acd4b"
  integrity sha512-pHuazgqrsTFrGU2WLDdXxCFabkdQDx72ddkraZNih1KsMcN5qsRSTR9O4VJRlwTPCPb5COYg3LOfiMHHcPInHg==

esbuild@^0.12.17:
  version "0.12.20"
  resolved "https://npm.shopee.io/esbuild/-/esbuild-0.12.20.tgz#4d3c9d83c99a4031e027b42a4c398c23b6827cb0"
  integrity sha512-u7+0qTo9Z64MD9PhooEngCmzyEYJ6ovFhPp8PLNh3UasR5Ihjv6HWVXqm8uHmasdQlpsAf0IsY4U0YVUfCpt4Q==

eventemitter3@^4.0.0:
  version "4.0.7"
  resolved "https://npm.shopee.io/eventemitter3/-/eventemitter3-4.0.7.tgz#2de9b68f6528d5644ef5c59526a1b4a07306169f"
  integrity sha512-8guHBZCwKnFhYdHr2ysuRWErTwhoN2X8XELRlrRwpmfeY2jjuUN4taQMsULKUVo1K4DvZl+0pgfyoysHxvmvEw==

fecha@~4.2.0:
  version "4.2.1"
  resolved "https://npm.shopee.io/fecha/-/fecha-4.2.1.tgz#0a83ad8f86ef62a091e22bb5a039cd03d23eecce"
  integrity sha512-MMMQ0ludy/nBs1/o0zVOiKTpG7qMbonKUzjJgQFEuvq6INZ1OraKPRAWkBq5vlKLOUMpmNYG1JoN3oDPUQ9m3Q==

fsevents@~2.3.2:
  version "2.3.2"
  resolved "https://npm.shopee.io/fsevents/-/fsevents-2.3.2.tgz#8a526f78b8fdf4623b709e0b975c52c24c02fd1a"
  integrity sha512-xiqMQR4xAeHTuB9uWm+fFRcIOgKBMiOBP+eXiyT7jsgVCq1bkVygt00oASowB7EdtpOHaaPgKt812P9ab+DDKA==

function-bind@^1.1.1:
  version "1.1.1"
  resolved "https://npm.shopee.io/function-bind/-/function-bind-1.1.1.tgz#a56899d3ea3c9bab874bb9773b7c5ede92f4895d"
  integrity sha512-yIovAzMX49sF8Yl58fSCWJ5svSLuaibPxXQJFLmBObTuCr0Mf1KiPopGM9NiFjiYBCbfaa2Fh6breQ6ANVTI0A==

gl-matrix@^3.0.0, gl-matrix@^3.1.0, gl-matrix@^3.3.0:
  version "3.3.0"
  resolved "https://npm.shopee.io/gl-matrix/-/gl-matrix-3.3.0.tgz#232eef60b1c8b30a28cbbe75b2caf6c48fd6358b"
  integrity sha512-COb7LDz+SXaHtl/h4LeaFcNdJdAQSDeVqjiIihSXNrkWObZLhDI4hIkZC11Aeqp7bcE72clzB0BnDXr2SmslRA==

gl-vec2@^1.0.0, gl-vec2@^1.3.0:
  version "1.3.0"
  resolved "https://npm.shopee.io/gl-vec2/-/gl-vec2-1.3.0.tgz#83d472ed46034de8e09cbc857123fb6c81c51199"
  integrity sha512-YiqaAuNsheWmUV0Sa8k94kBB0D6RWjwZztyO+trEYS8KzJ6OQB/4686gdrf59wld4hHFIvaxynO3nRxpk1Ij/A==

graphlib@^2.1.8:
  version "2.1.8"
  resolved "https://npm.shopee.io/graphlib/-/graphlib-2.1.8.tgz#5761d414737870084c92ec7b5dbcb0592c9d35da"
  integrity sha512-jcLLfkpoVGmH7/InMC/1hIvOPSUh38oJtGhvrOFGzioE1DZ+0YW16RgmOJhHiuWTvGiJQ9Z1Ik43JvkRPRvE+A==
  dependencies:
    lodash "^4.17.15"

hammerjs@^2.0.8:
  version "2.0.8"
  resolved "https://npm.shopee.io/hammerjs/-/hammerjs-2.0.8.tgz#04ef77862cff2bb79d30f7692095930222bf60f1"
  integrity sha1-BO93hiz/K7edMPdpIJWTAiK/YPE=

has@^1.0.3:
  version "1.0.3"
  resolved "https://npm.shopee.io/has/-/has-1.0.3.tgz#722d7cbfc1f6aa8241f16dd814e011e1f41e8796"
  integrity sha512-f2dvO0VU6Oej7RkWJGrehjbzMAjFp5/VKPp5tTpWIV4JHHZK1/BxbFRtf/siA2SWTe09caDmVtYYzWEIbBS4zw==
  dependencies:
    function-bind "^1.1.1"

html-entities@^2.3.2:
  version "2.3.2"
  resolved "https://npm.shopee.io/html-entities/-/html-entities-2.3.2.tgz#760b404685cb1d794e4f4b744332e3b00dcfe488"
  integrity sha512-c3Ab/url5ksaT0WyleslpBEthOzWhrjQbg75y7XUsfSzi3Dgzt0l8w5e7DylRn15MTlMMD58dTfzddNS2kcAjQ==

insert-css@^2.0.0:
  version "2.0.0"
  resolved "https://npm.shopee.io/insert-css/-/insert-css-2.0.0.tgz#eb5d1097b7542f4c79ea3060d3aee07d053880f4"
  integrity sha1-610Ql7dUL0x56jBg067gfQU4gPQ=

inversify-inject-decorators@^3.1.0:
  version "3.1.0"
  resolved "https://npm.shopee.io/inversify-inject-decorators/-/inversify-inject-decorators-3.1.0.tgz#d9941080bad77cec8a65ee29d905e4d5d73e1e95"
  integrity sha512-/seBlVp5bXrLQS3DpKEmlgeZL6C7Tf/QITd+IMQrbBBGuCbxb7k3hRAWu9XSreNpFzLgSboz3sClLSEmGwHphw==

inversify@^5.0.1:
  version "5.1.1"
  resolved "https://npm.shopee.io/inversify/-/inversify-5.1.1.tgz#6fbd668c591337404e005a1946bfe0d802c08730"
  integrity sha512-j8grHGDzv1v+8T1sAQ+3boTCntFPfvxLCkNcxB1J8qA0lUN+fAlSyYd+RXKvaPRL4AGyPxViutBEJHNXOyUdFQ==

is-any-array@^1.0.0:
  version "1.0.0"
  resolved "https://npm.shopee.io/is-any-array/-/is-any-array-1.0.0.tgz#bcb2c7e2d28aaa2fa02ee8f6b604b0b3a957bba7"
  integrity sha512-0o0ZsgObnylv72nO39P6M+PL7jPUEx39O6BEfZuX36IKPy/RpdudxluAIaRn/LZi5eVPDMlMBaLABzOK6bwPlw==

is-arrayish@^0.3.1:
  version "0.3.2"
  resolved "https://npm.shopee.io/is-arrayish/-/is-arrayish-0.3.2.tgz#4574a2ae56f7ab206896fb431eaeed066fdf8f03"
  integrity sha512-eVRqCvVlZbuw3GrM63ovNSNAeA1K16kaR/LRY/92w0zxQ5/1YzwblUX652i4Xs9RwAGjW9d9y6X88t8OaAJfWQ==

is-core-module@^2.2.0:
  version "2.6.0"
  resolved "https://npm.shopee.io/is-core-module/-/is-core-module-2.6.0.tgz#d7553b2526fe59b92ba3e40c8df757ec8a709e19"
  integrity sha512-wShG8vs60jKfPWpF2KZRaAtvt3a20OAn7+IJ6hLPECpSABLcKtFKTTI4ZtH5QcBruBHlq+WsdHWyz0BCZW7svQ==
  dependencies:
    has "^1.0.3"

lodash@^4.17.15, lodash@^4.17.21:
  version "4.17.21"
  resolved "https://npm.shopee.io/lodash/-/lodash-4.17.21.tgz#679591c564c3bffaae8454cf0b3df370c3d6911c"
  integrity sha512-v2kDEe57lecTulaDIuNTPy3Ry4gLGJ6Z1O3vE1krgXZNrsQ+LFTGHVxVjcXPs17LhbZVGedAJv8XZ1tvj5FvSg==

ml-array-max@^1.2.3:
  version "1.2.3"
  resolved "https://npm.shopee.io/ml-array-max/-/ml-array-max-1.2.3.tgz#92d1ffef667432d1451d35817a7276c528635e64"
  integrity sha512-49YwnLlAf4/E/VyezUz+SNfSBhPE8JTahxRPuyM9S9Uv+ft5x0C8A4trtkDgrttMxoxbhudTA1yg8zgJZaYtpA==
  dependencies:
    is-any-array "^1.0.0"

ml-array-min@^1.2.2:
  version "1.2.2"
  resolved "https://npm.shopee.io/ml-array-min/-/ml-array-min-1.2.2.tgz#abd68512a57fe8499513e6f2265533807e2bbe6b"
  integrity sha512-yidQcOHFaGEuVr6FcwAn+QvKXJv1Lxel5fyKrO+aXGJGp97Mt+p8r21WYtikS/PTVbxdSrliQ0UK4wSHYHHgzQ==
  dependencies:
    is-any-array "^1.0.0"

ml-array-rescale@^1.3.5:
  version "1.3.5"
  resolved "https://npm.shopee.io/ml-array-rescale/-/ml-array-rescale-1.3.5.tgz#a41a98535e5b3bcdcde2f1ef532f4453feb11104"
  integrity sha512-czK+faN7kYrF48SgVQeXGkxUjDEas6BA4EzF4jJNh8UEtzpSvHW3RllZCJCCyrAqeFc+Y/LhgYUzuHFpevM3qA==
  dependencies:
    is-any-array "^1.0.0"
    ml-array-max "^1.2.3"
    ml-array-min "^1.2.2"

ml-matrix@^6.5.0:
  version "6.8.0"
  resolved "https://npm.shopee.io/ml-matrix/-/ml-matrix-6.8.0.tgz#55429ea9625def03ba34e7c8e6ca490409127aa6"
  integrity sha512-c29k/gtyzLeNs0vLB2u4hHYcKr8PdyIs4oB0OsVhlgKiHbYyFkC2e98FcUPKhcnzn234jeZk42No+6d4bXBDNg==
  dependencies:
    ml-array-rescale "^1.3.5"

nanoid@^3.1.23:
  version "3.1.25"
  resolved "https://npm.shopee.io/nanoid/-/nanoid-3.1.25.tgz#09ca32747c0e543f0e1814b7d3793477f9c8e152"
  integrity sha512-rdwtIXaXCLFAQbnfqDRnI6jaRHp9fTcYBjtFKE8eezcZ7LuLjhUaQGNeMXf1HmRoCH32CLz6XwX0TtxEOS/A3Q==

path-parse@^1.0.6:
  version "1.0.7"
  resolved "https://npm.shopee.io/path-parse/-/path-parse-1.0.7.tgz#fbc114b60ca42b30d9daf5858e4bd68bbedb6735"
  integrity sha512-LDJzPVEEEPR+y48z93A0Ed0yXb8pAByGWo/k5YYdYgpY2/2EsOsksJrq7lOHxryrVOn1ejG6oAp8ahvOIQD8sw==

polyline-miter-util@^1.0.1:
  version "1.0.1"
  resolved "https://npm.shopee.io/polyline-miter-util/-/polyline-miter-util-1.0.1.tgz#b693f2389ea0ded36a6bcf5ecd2ece4b6917d957"
  integrity sha1-tpPyOJ6g3tNqa89ezS7OS2kX2Vc=
  dependencies:
    gl-vec2 "^1.0.0"

polyline-normals@^2.0.2:
  version "2.0.2"
  resolved "https://npm.shopee.io/polyline-normals/-/polyline-normals-2.0.2.tgz#a1737e75d8c0dccb1a591f9cb27f09eef4b7d135"
  integrity sha1-oXN+ddjA3MsaWR+csn8J7vS30TU=
  dependencies:
    polyline-miter-util "^1.0.1"

postcss@^8.3.6:
  version "8.3.6"
  resolved "https://npm.shopee.io/postcss/-/postcss-8.3.6.tgz#2730dd76a97969f37f53b9a6096197be311cc4ea"
  integrity sha512-wG1cc/JhRgdqB6WHEuyLTedf3KIRuD0hG6ldkFEZNCjRxiC+3i6kkWUUbiJQayP28iwG35cEmAbe98585BYV0A==
  dependencies:
    colorette "^1.2.2"
    nanoid "^3.1.23"
    source-map-js "^0.6.2"

probe.gl@^3.1.1:
  version "3.4.0"
  resolved "https://npm.shopee.io/probe.gl/-/probe.gl-3.4.0.tgz#f35029b0041fb909caff493ab23feae53339261e"
  integrity sha512-9CLByZATuhuG/Viq3ckfWU+dAhb7dMmjzsyCy4s7ds9ueTejcVRENxL197/XacOK/AN61YrEERB0QnouB0Qc0Q==
  dependencies:
    "@babel/runtime" "^7.0.0"
    "@probe.gl/stats" "3.4.0"

reflect-metadata@^0.1.13:
  version "0.1.13"
  resolved "https://npm.shopee.io/reflect-metadata/-/reflect-metadata-0.1.13.tgz#67ae3ca57c972a2aa1642b10fe363fe32d49dc08"
  integrity sha512-Ts1Y/anZELhSsjMcU605fU9RE4Oi3p5ORujwbIKXfWa+0Zxs510Qrmrce5/Jowq3cHSZSJqBjypxmHarc+vEWg==

regenerator-runtime@^0.13.4:
  version "0.13.9"
  resolved "https://npm.shopee.io/regenerator-runtime/-/regenerator-runtime-0.13.9.tgz#8925742a98ffd90814988d7566ad30ca3b263b52"
  integrity sha512-p3VT+cOEgxFsRRA9X4lkI1E+k2/CtnKtU4gcxyaCUreilL/vqI6CdZ3wxVUx3UOUg+gnUOQQcRI7BmSI656MYA==

regl@^1.3.11:
  version "1.7.0"
  resolved "https://npm.shopee.io/regl/-/regl-1.7.0.tgz#0d185431044a356bf80e9b775b11b935ef2746d3"
  integrity sha512-bEAtp/qrtKucxXSJkD4ebopFZYP0q1+3Vb2WECWv/T8yQEgKxDxJ7ztO285tAMaYZVR6mM1GgI6CCn8FROtL1w==

resolve@^1.20.0:
  version "1.20.0"
  resolved "https://npm.shopee.io/resolve/-/resolve-1.20.0.tgz#629a013fb3f70755d6f0b7935cc1c2c5378b1975"
  integrity sha512-wENBPt4ySzg4ybFQW2TT1zMQucPK95HSh/nq2CFTZVOGut2+pQvSsgtda4d26YrYcr067wjbmzOG8byDPBX63A==
  dependencies:
    is-core-module "^2.2.0"
    path-parse "^1.0.6"

rollup@^2.38.5:
  version "2.56.2"
  resolved "https://npm.shopee.io/rollup/-/rollup-2.56.2.tgz#a045ff3f6af53ee009b5f5016ca3da0329e5470f"
  integrity sha512-s8H00ZsRi29M2/lGdm1u8DJpJ9ML8SUOpVVBd33XNeEeL3NVaTiUcSBHzBdF3eAyR0l7VSpsuoVUGrRHq7aPwQ==
  optionalDependencies:
    fsevents "~2.3.2"

simple-swizzle@^0.2.2:
  version "0.2.2"
  resolved "https://npm.shopee.io/simple-swizzle/-/simple-swizzle-0.2.2.tgz#a4da6b635ffcccca33f70d17cb92592de95e557a"
  integrity sha1-pNprY1/8zMoz9w0Xy5JZLeleVXo=
  dependencies:
    is-arrayish "^0.3.1"

source-map-js@^0.6.2:
  version "0.6.2"
  resolved "https://npm.shopee.io/source-map-js/-/source-map-js-0.6.2.tgz#0bb5de631b41cfbda6cfba8bd05a80efdfd2385e"
  integrity sha512-/3GptzWzu0+0MBQFrDKzw/DvvMTUORvgY6k6jd/VS6iCR4RDTKWH6v6WPwQoUO8667uQEf9Oe38DxAYWY5F/Ug==

tinycolor2@^1.4.1:
  version "1.4.2"
  resolved "https://npm.shopee.io/tinycolor2/-/tinycolor2-1.4.2.tgz#3f6a4d1071ad07676d7fa472e1fac40a719d8803"
  integrity sha512-vJhccZPs965sV/L2sU4oRQVAos0pQXwsvTLkWYdqJ+a8Q5kPFzJTuOFwy7UniPli44NKQGAglksjvOcpo95aZA==

tslib@^1.10.0:
  version "1.14.1"
  resolved "https://npm.shopee.io/tslib/-/tslib-1.14.1.tgz#cf2d38bdc34a134bcaf1091c41f6619e2f672d00"
  integrity sha512-Xni35NKzjgMrwevysHTCArtLDpPvye8zV/0E4EyYn43P7/7qvQwPh9BGkHewbMulVntbigmcT7rdX3BNo9wRJg==

tslib@^2.0.0, tslib@^2.0.3, tslib@^2.1.0:
  version "2.3.1"
  resolved "https://npm.shopee.io/tslib/-/tslib-2.3.1.tgz#e8a335add5ceae51aa261d32a490158ef042ef01"
  integrity sha512-77EbyPPpMz+FRFRuAFlWMtmgUWGe9UOG2Z25NqCwiIjRhOf5iKGuzSe5P2w1laq+FkRy4p+PCuVkJSGkzTEKVw==

typescript@^4.3.2:
  version "4.3.5"
  resolved "https://npm.shopee.io/typescript/-/typescript-4.3.5.tgz#4d1c37cc16e893973c45a06886b7113234f119f4"
  integrity sha512-DqQgihaQ9cUrskJo9kIyW/+g0Vxsk8cDtZ52a3NGh0YNTfpUSArXSohyUGnvbPazEPLu398C0UxmKSOrPumUzA==

uuid@8.3.2:
  version "8.3.2"
  resolved "https://npm.shopee.io/uuid/-/uuid-8.3.2.tgz#80d5b5ced271bb9af6c445f21a1a04c606cefbe2"
  integrity sha512-+NYs2QeMWy+GWFOEm9xnn6HCDp0l7QBD7ml8zLUmJ+93Q5NF0NocErnwkTkXVFNiX3/fpC6afS8Dhb/gz7R7eg==

uuidv4@^6.2.11:
  version "6.2.12"
  resolved "https://npm.shopee.io/uuidv4/-/uuidv4-6.2.12.tgz#e8c1d1d733c3fa4963d4610b8a3a09b4ec58ca96"
  integrity sha512-UnN4ThIYWhv3ZUE8UwDnnCvh4JafCNu+sQkxmLyjCVwK3rjLfkg3DYiEv6oCMDIAIVEDP4INg4kX/C5hKaRzZA==
  dependencies:
    "@types/uuid" "8.3.1"
    uuid "8.3.2"

vite@^2.4.3:
  version "2.5.0"
  resolved "https://npm.shopee.io/vite/-/vite-2.5.0.tgz#111ba3679432d426e44566acf480005a7914cbd6"
  integrity sha512-Dn4B+g54PJsMG5WCc4QeFy1ygMXRdTtFrUPegqfk4+vzVQcbF/DqqmI/1bxezArzbujBJg/67QeT5wz8edfJVQ==
  dependencies:
    esbuild "^0.12.17"
    postcss "^8.3.6"
    resolve "^1.20.0"
    rollup "^2.38.5"
  optionalDependencies:
    fsevents "~2.3.2"
